// !$*UTF8*$!
{
	archiveVersion = 1;
	classes = {
	};
	objectVersion = 56;
	objects = {

/* Begin PBXBuildFile section */
		EDD8789D2B31EB5C00BFDCDF /* FindHAApp.swift in Sources */ = {isa = PBXBuildFile; fileRef = EDD8789C2B31EB5C00BFDCDF /* FindHAApp.swift */; };
		EDD8789F2B31EB5C00BFDCDF /* ContentView.swift in Sources */ = {isa = PBXBuildFile; fileRef = EDD8789E2B31EB5C00BFDCDF /* ContentView.swift */; };
		EDD878A12B31EB5E00BFDCDF /* Assets.xcassets in Resources */ = {isa = PBXBuildFile; fileRef = EDD878A02B31EB5E00BFDCDF /* Assets.xcassets */; };
		EDD878A42B31EB5E00BFDCDF /* Preview Assets.xcassets in Resources */ = {isa = PBXBuildFile; fileRef = EDD878A32B31EB5E00BFDCDF /* Preview Assets.xcassets */; };
		EDD878B32B31F59C00BFDCDF /* Colors.xcassets in Resources */ = {isa = PBXBuildFile; fileRef = EDD878B22B31F59C00BFDCDF /* Colors.xcassets */; };
		EDD878B52B31F5B600BFDCDF /* Color+.swift in Sources */ = {isa = PBXBuildFile; fileRef = EDD878B42B31F5B600BFDCDF /* Color+.swift */; };
/* End PBXBuildFile section */

/* Begin PBXFileReference section */
		EDD878992B31EB5C00BFDCDF /* FindHA.app */ = {isa = PBXFileReference; explicitFileType = wrapper.application; includeInIndex = 0; path = FindHA.app; sourceTree = BUILT_PRODUCTS_DIR; };
		EDD8789C2B31EB5C00BFDCDF /* FindHAApp.swift */ = {isa = PBXFileReference; lastKnownFileType = sourcecode.swift; path = FindHAApp.swift; sourceTree = "<group>"; };
		EDD8789E2B31EB5C00BFDCDF /* ContentView.swift */ = {isa = PBXFileReference; lastKnownFileType = sourcecode.swift; path = ContentView.swift; sourceTree = "<group>"; };
		EDD878A02B31EB5E00BFDCDF /* Assets.xcassets */ = {isa = PBXFileReference; lastKnownFileType = folder.assetcatalog; path = Assets.xcassets; sourceTree = "<group>"; };
		EDD878A32B31EB5E00BFDCDF /* Preview Assets.xcassets */ = {isa = PBXFileReference; lastKnownFileType = folder.assetcatalog; path = "Preview Assets.xcassets"; sourceTree = "<group>"; };
		EDD878B22B31F59C00BFDCDF /* Colors.xcassets */ = {isa = PBXFileReference; lastKnownFileType = folder.assetcatalog; path = Colors.xcassets; sourceTree = "<group>"; };
		EDD878B42B31F5B600BFDCDF /* Color+.swift */ = {isa = PBXFileReference; lastKnownFileType = sourcecode.swift; path = "Color+.swift"; sourceTree = "<group>"; };
/* End PBXFileReference section */

/* Begin PBXFrameworksBuildPhase section */
		EDD878962B31EB5C00BFDCDF /* Frameworks */ = {
			isa = PBXFrameworksBuildPhase;
			buildActionMask = 2147483647;
			files = (
			);
			runOnlyForDeploymentPostprocessing = 0;
		};
/* End PBXFrameworksBuildPhase section */

/* Begin PBXGroup section */
		EDD878902B31EB5C00BFDCDF = {
			isa = PBXGroup;
			children = (
				EDD8789B2B31EB5C00BFDCDF /* FindHA */,
				EDD8789A2B31EB5C00BFDCDF /* Products */,
			);
			sourceTree = "<group>";
		};
		EDD8789A2B31EB5C00BFDCDF /* Products */ = {
			isa = PBXGroup;
			children = (
				EDD878992B31EB5C00BFDCDF /* FindHA.app */,
			);
			name = Products;
			sourceTree = "<group>";
		};
		EDD8789B2B31EB5C00BFDCDF /* FindHA */ = {
			isa = PBXGroup;
			children = (
				EDD878B02B31F4DB00BFDCDF /* Resources */,
				EDD878AF2B31F4D500BFDCDF /* View */,
				EDD878AE2B31F4CF00BFDCDF /* Model */,
				EDD878AD2B31F4BB00BFDCDF /* Application */,
				EDD878AC2B31F47800BFDCDF /* Util */,
				EDD878AA2B31F45700BFDCDF /* Network */,
				EDD878A22B31EB5E00BFDCDF /* Preview Content */,
			);
			path = FindHA;
			sourceTree = "<group>";
		};
		EDD878A22B31EB5E00BFDCDF /* Preview Content */ = {
			isa = PBXGroup;
			children = (
				EDD878A32B31EB5E00BFDCDF /* Preview Assets.xcassets */,
			);
			path = "Preview Content";
			sourceTree = "<group>";
		};
		EDD878AA2B31F45700BFDCDF /* Network */ = {
			isa = PBXGroup;
			children = (
			);
			path = Network;
			sourceTree = "<group>";
		};
		EDD878AC2B31F47800BFDCDF /* Util */ = {
			isa = PBXGroup;
			children = (
				EDD878B12B31F4F100BFDCDF /* Extensions */,
			);
			path = Util;
			sourceTree = "<group>";
		};
		EDD878AD2B31F4BB00BFDCDF /* Application */ = {
			isa = PBXGroup;
			children = (
				EDD8789C2B31EB5C00BFDCDF /* FindHAApp.swift */,
				EDD8789E2B31EB5C00BFDCDF /* ContentView.swift */,
			);
			path = Application;
			sourceTree = "<group>";
		};
		EDD878AE2B31F4CF00BFDCDF /* Model */ = {
			isa = PBXGroup;
			children = (
			);
			path = Model;
			sourceTree = "<group>";
		};
		EDD878AF2B31F4D500BFDCDF /* View */ = {
			isa = PBXGroup;
			children = (
			);
			path = View;
			sourceTree = "<group>";
		};
		EDD878B02B31F4DB00BFDCDF /* Resources */ = {
			isa = PBXGroup;
			children = (
				EDD878A02B31EB5E00BFDCDF /* Assets.xcassets */,
				EDD878B22B31F59C00BFDCDF /* Colors.xcassets */,
			);
			path = Resources;
			sourceTree = "<group>";
		};
		EDD878B12B31F4F100BFDCDF /* Extensions */ = {
			isa = PBXGroup;
			children = (
				EDD878B42B31F5B600BFDCDF /* Color+.swift */,
			);
			path = Extensions;
			sourceTree = "<group>";
		};
/* End PBXGroup section */

/* Begin PBXNativeTarget section */
		EDD878982B31EB5C00BFDCDF /* FindHA */ = {
			isa = PBXNativeTarget;
			buildConfigurationList = EDD878A72B31EB5E00BFDCDF /* Build configuration list for PBXNativeTarget "FindHA" */;
			buildPhases = (
				EDD878952B31EB5C00BFDCDF /* Sources */,
				EDD878962B31EB5C00BFDCDF /* Frameworks */,
				EDD878972B31EB5C00BFDCDF /* Resources */,
			);
			buildRules = (
			);
			dependencies = (
			);
			name = FindHA;
			productName = FindHA;
			productReference = EDD878992B31EB5C00BFDCDF /* FindHA.app */;
			productType = "com.apple.product-type.application";
		};
/* End PBXNativeTarget section */

/* Begin PBXProject section */
		EDD878912B31EB5C00BFDCDF /* Project object */ = {
			isa = PBXProject;
			attributes = {
				BuildIndependentTargetsInParallel = 1;
				LastSwiftUpdateCheck = 1500;
				LastUpgradeCheck = 1500;
				TargetAttributes = {
					EDD878982B31EB5C00BFDCDF = {
						CreatedOnToolsVersion = 15.0.1;
					};
				};
			};
			buildConfigurationList = EDD878942B31EB5C00BFDCDF /* Build configuration list for PBXProject "FindHA" */;
			compatibilityVersion = "Xcode 14.0";
			developmentRegion = en;
			hasScannedForEncodings = 0;
			knownRegions = (
				en,
				Base,
			);
			mainGroup = EDD878902B31EB5C00BFDCDF;
			productRefGroup = EDD8789A2B31EB5C00BFDCDF /* Products */;
			projectDirPath = "";
			projectRoot = "";
			targets = (
				EDD878982B31EB5C00BFDCDF /* FindHA */,
			);
		};
/* End PBXProject section */

/* Begin PBXResourcesBuildPhase section */
		EDD878972B31EB5C00BFDCDF /* Resources */ = {
			isa = PBXResourcesBuildPhase;
			buildActionMask = 2147483647;
			files = (
				EDD878B32B31F59C00BFDCDF /* Colors.xcassets in Resources */,
				EDD878A42B31EB5E00BFDCDF /* Preview Assets.xcassets in Resources */,
				EDD878A12B31EB5E00BFDCDF /* Assets.xcassets in Resources */,
			);
			runOnlyForDeploymentPostprocessing = 0;
		};
/* End PBXResourcesBuildPhase section */

/* Begin PBXSourcesBuildPhase section */
		EDD878952B31EB5C00BFDCDF /* Sources */ = {
			isa = PBXSourcesBuildPhase;
			buildActionMask = 2147483647;
			files = (
				EDD878B52B31F5B600BFDCDF /* Color+.swift in Sources */,
				EDD8789F2B31EB5C00BFDCDF /* ContentView.swift in Sources */,
				EDD8789D2B31EB5C00BFDCDF /* FindHAApp.swift in Sources */,
			);
			runOnlyForDeploymentPostprocessing = 0;
		};
/* End PBXSourcesBuildPhase section */

/* Begin XCBuildConfiguration section */
		EDD878A52B31EB5E00BFDCDF /* Debug */ = {
			isa = XCBuildConfiguration;
			buildSettings = {
				ALWAYS_SEARCH_USER_PATHS = NO;
				ASSETCATALOG_COMPILER_GENERATE_SWIFT_ASSET_SYMBOL_EXTENSIONS = YES;
				CLANG_ANALYZER_NONNULL = YES;
				CLANG_ANALYZER_NUMBER_OBJECT_CONVERSION = YES_AGGRESSIVE;
				CLANG_CXX_LANGUAGE_STANDARD = "gnu++20";
				CLANG_ENABLE_MODULES = YES;
				CLANG_ENABLE_OBJC_ARC = YES;
				CLANG_ENABLE_OBJC_WEAK = YES;
				CLANG_WARN_BLOCK_CAPTURE_AUTORELEASING = YES;
				CLANG_WARN_BOOL_CONVERSION = YES;
				CLANG_WARN_COMMA = YES;
				CLANG_WARN_CONSTANT_CONVERSION = YES;
				CLANG_WARN_DEPRECATED_OBJC_IMPLEMENTATIONS = YES;
				CLANG_WARN_DIRECT_OBJC_ISA_USAGE = YES_ERROR;
				CLANG_WARN_DOCUMENTATION_COMMENTS = YES;
				CLANG_WARN_EMPTY_BODY = YES;
				CLANG_WARN_ENUM_CONVERSION = YES;
				CLANG_WARN_INFINITE_RECURSION = YES;
				CLANG_WARN_INT_CONVERSION = YES;
				CLANG_WARN_NON_LITERAL_NULL_CONVERSION = YES;
				CLANG_WARN_OBJC_IMPLICIT_RETAIN_SELF = YES;
				CLANG_WARN_OBJC_LITERAL_CONVERSION = YES;
				CLANG_WARN_OBJC_ROOT_CLASS = YES_ERROR;
				CLANG_WARN_QUOTED_INCLUDE_IN_FRAMEWORK_HEADER = YES;
				CLANG_WARN_RANGE_LOOP_ANALYSIS = YES;
				CLANG_WARN_STRICT_PROTOTYPES = YES;
				CLANG_WARN_SUSPICIOUS_MOVE = YES;
				CLANG_WARN_UNGUARDED_AVAILABILITY = YES_AGGRESSIVE;
				CLANG_WARN_UNREACHABLE_CODE = YES;
				CLANG_WARN__DUPLICATE_METHOD_MATCH = YES;
				COPY_PHASE_STRIP = NO;
				DEBUG_INFORMATION_FORMAT = dwarf;
				ENABLE_STRICT_OBJC_MSGSEND = YES;
				ENABLE_TESTABILITY = YES;
				ENABLE_USER_SCRIPT_SANDBOXING = YES;
				GCC_C_LANGUAGE_STANDARD = gnu17;
				GCC_DYNAMIC_NO_PIC = NO;
				GCC_NO_COMMON_BLOCKS = YES;
				GCC_OPTIMIZATION_LEVEL = 0;
				GCC_PREPROCESSOR_DEFINITIONS = (
					"DEBUG=1",
					"$(inherited)",
				);
				GCC_WARN_64_TO_32_BIT_CONVERSION = YES;
				GCC_WARN_ABOUT_RETURN_TYPE = YES_ERROR;
				GCC_WARN_UNDECLARED_SELECTOR = YES;
				GCC_WARN_UNINITIALIZED_AUTOS = YES_AGGRESSIVE;
				GCC_WARN_UNUSED_FUNCTION = YES;
				GCC_WARN_UNUSED_VARIABLE = YES;
				IPHONEOS_DEPLOYMENT_TARGET = 17.0;
				LOCALIZATION_PREFERS_STRING_CATALOGS = YES;
				MTL_ENABLE_DEBUG_INFO = INCLUDE_SOURCE;
				MTL_FAST_MATH = YES;
				ONLY_ACTIVE_ARCH = YES;
				SDKROOT = iphoneos;
				SWIFT_ACTIVE_COMPILATION_CONDITIONS = "DEBUG $(inherited)";
				SWIFT_OPTIMIZATION_LEVEL = "-Onone";
			};
			name = Debug;
		};
		EDD878A62B31EB5E00BFDCDF /* Release */ = {
			isa = XCBuildConfiguration;
			buildSettings = {
				ALWAYS_SEARCH_USER_PATHS = NO;
				ASSETCATALOG_COMPILER_GENERATE_SWIFT_ASSET_SYMBOL_EXTENSIONS = YES;
				CLANG_ANALYZER_NONNULL = YES;
				CLANG_ANALYZER_NUMBER_OBJECT_CONVERSION = YES_AGGRESSIVE;
				CLANG_CXX_LANGUAGE_STANDARD = "gnu++20";
				CLANG_ENABLE_MODULES = YES;
				CLANG_ENABLE_OBJC_ARC = YES;
				CLANG_ENABLE_OBJC_WEAK = YES;
				CLANG_WARN_BLOCK_CAPTURE_AUTORELEASING = YES;
				CLANG_WARN_BOOL_CONVERSION = YES;
				CLANG_WARN_COMMA = YES;
				CLANG_WARN_CONSTANT_CONVERSION = YES;
				CLANG_WARN_DEPRECATED_OBJC_IMPLEMENTATIONS = YES;
				CLANG_WARN_DIRECT_OBJC_ISA_USAGE = YES_ERROR;
				CLANG_WARN_DOCUMENTATION_COMMENTS = YES;
				CLANG_WARN_EMPTY_BODY = YES;
				CLANG_WARN_ENUM_CONVERSION = YES;
				CLANG_WARN_INFINITE_RECURSION = YES;
				CLANG_WARN_INT_CONVERSION = YES;
				CLANG_WARN_NON_LITERAL_NULL_CONVERSION = YES;
				CLANG_WARN_OBJC_IMPLICIT_RETAIN_SELF = YES;
				CLANG_WARN_OBJC_LITERAL_CONVERSION = YES;
				CLANG_WARN_OBJC_ROOT_CLASS = YES_ERROR;
				CLANG_WARN_QUOTED_INCLUDE_IN_FRAMEWORK_HEADER = YES;
				CLANG_WARN_RANGE_LOOP_ANALYSIS = YES;
				CLANG_WARN_STRICT_PROTOTYPES = YES;
				CLANG_WARN_SUSPICIOUS_MOVE = YES;
				CLANG_WARN_UNGUARDED_AVAILABILITY = YES_AGGRESSIVE;
				CLANG_WARN_UNREACHABLE_CODE = YES;
				CLANG_WARN__DUPLICATE_METHOD_MATCH = YES;
				COPY_PHASE_STRIP = NO;
				DEBUG_INFORMATION_FORMAT = "dwarf-with-dsym";
				ENABLE_NS_ASSERTIONS = NO;
				ENABLE_STRICT_OBJC_MSGSEND = YES;
				ENABLE_USER_SCRIPT_SANDBOXING = YES;
				GCC_C_LANGUAGE_STANDARD = gnu17;
				GCC_NO_COMMON_BLOCKS = YES;
				GCC_WARN_64_TO_32_BIT_CONVERSION = YES;
				GCC_WARN_ABOUT_RETURN_TYPE = YES_ERROR;
				GCC_WARN_UNDECLARED_SELECTOR = YES;
				GCC_WARN_UNINITIALIZED_AUTOS = YES_AGGRESSIVE;
				GCC_WARN_UNUSED_FUNCTION = YES;
				GCC_WARN_UNUSED_VARIABLE = YES;
				IPHONEOS_DEPLOYMENT_TARGET = 17.0;
				LOCALIZATION_PREFERS_STRING_CATALOGS = YES;
				MTL_ENABLE_DEBUG_INFO = NO;
				MTL_FAST_MATH = YES;
				SDKROOT = iphoneos;
				SWIFT_COMPILATION_MODE = wholemodule;
				VALIDATE_PRODUCT = YES;
			};
			name = Release;
		};
		EDD878A82B31EB5E00BFDCDF /* Debug */ = {
			isa = XCBuildConfiguration;
			buildSettings = {
				ASSETCATALOG_COMPILER_APPICON_NAME = AppIcon;
				ASSETCATALOG_COMPILER_GLOBAL_ACCENT_COLOR_NAME = AccentColor;
				CODE_SIGN_STYLE = Automatic;
				CURRENT_PROJECT_VERSION = 1;
				DEVELOPMENT_ASSET_PATHS = "\"FindHA/Preview Content\"";
				DEVELOPMENT_TEAM = WJKNV9KXF2;
				ENABLE_PREVIEWS = YES;
				GENERATE_INFOPLIST_FILE = YES;
				INFOPLIST_KEY_UIApplicationSceneManifest_Generation = YES;
				INFOPLIST_KEY_UIApplicationSupportsIndirectInputEvents = YES;
				INFOPLIST_KEY_UILaunchScreen_Generation = YES;
				INFOPLIST_KEY_UISupportedInterfaceOrientations_iPad = "UIInterfaceOrientationPortrait UIInterfaceOrientationPortraitUpsideDown UIInterfaceOrientationLandscapeLeft UIInterfaceOrientationLandscapeRight";
				INFOPLIST_KEY_UISupportedInterfaceOrientations_iPhone = "UIInterfaceOrientationPortrait UIInterfaceOrientationLandscapeLeft UIInterfaceOrientationLandscapeRight";
				LD_RUNPATH_SEARCH_PATHS = (
					"$(inherited)",
					"@executable_path/Frameworks",
				);
				MARKETING_VERSION = 1.0;
				PRODUCT_BUNDLE_IDENTIFIER = com.jacksim.FindHA;
				PRODUCT_NAME = "$(TARGET_NAME)";
				SWIFT_EMIT_LOC_STRINGS = YES;
				SWIFT_VERSION = 5.0;
				TARGETED_DEVICE_FAMILY = "1,2";
			};
			name = Debug;
		};
		EDD878A92B31EB5E00BFDCDF /* Release */ = {
			isa = XCBuildConfiguration;
			buildSettings = {
				ASSETCATALOG_COMPILER_APPICON_NAME = AppIcon;
				ASSETCATALOG_COMPILER_GLOBAL_ACCENT_COLOR_NAME = AccentColor;
				CODE_SIGN_STYLE = Automatic;
				CURRENT_PROJECT_VERSION = 1;
				DEVELOPMENT_ASSET_PATHS = "\"FindHA/Preview Content\"";
				DEVELOPMENT_TEAM = WJKNV9KXF2;
				ENABLE_PREVIEWS = YES;
				GENERATE_INFOPLIST_FILE = YES;
				INFOPLIST_KEY_UIApplicationSceneManifest_Generation = YES;
				INFOPLIST_KEY_UIApplicationSupportsIndirectInputEvents = YES;
				INFOPLIST_KEY_UILaunchScreen_Generation = YES;
				INFOPLIST_KEY_UISupportedInterfaceOrientations_iPad = "UIInterfaceOrientationPortrait UIInterfaceOrientationPortraitUpsideDown UIInterfaceOrientationLandscapeLeft UIInterfaceOrientationLandscapeRight";
				INFOPLIST_KEY_UISupportedInterfaceOrientations_iPhone = "UIInterfaceOrientationPortrait UIInterfaceOrientationLandscapeLeft UIInterfaceOrientationLandscapeRight";
				LD_RUNPATH_SEARCH_PATHS = (
					"$(inherited)",
					"@executable_path/Frameworks",
				);
				MARKETING_VERSION = 1.0;
				PRODUCT_BUNDLE_IDENTIFIER = com.jacksim.FindHA;
				PRODUCT_NAME = "$(TARGET_NAME)";
				SWIFT_EMIT_LOC_STRINGS = YES;
				SWIFT_VERSION = 5.0;
				TARGETED_DEVICE_FAMILY = "1,2";
			};
			name = Release;
		};
/* End XCBuildConfiguration section */

/* Begin XCConfigurationList section */
		EDD878942B31EB5C00BFDCDF /* Build configuration list for PBXProject "FindHA" */ = {
			isa = XCConfigurationList;
			buildConfigurations = (
				EDD878A52B31EB5E00BFDCDF /* Debug */,
				EDD878A62B31EB5E00BFDCDF /* Release */,
			);
			defaultConfigurationIsVisible = 0;
			defaultConfigurationName = Release;
		};
		EDD878A72B31EB5E00BFDCDF /* Build configuration list for PBXNativeTarget "FindHA" */ = {
			isa = XCConfigurationList;
			buildConfigurations = (
				EDD878A82B31EB5E00BFDCDF /* Debug */,
				EDD878A92B31EB5E00BFDCDF /* Release */,
			);
			defaultConfigurationIsVisible = 0;
			defaultConfigurationName = Release;
		};
/* End XCConfigurationList section */
	};
	rootObject = EDD878912B31EB5C00BFDCDF /* Project object */;
}
